
Microsoft Visual Studio Solution File, Format Version 12.00
# Visual Studio Version 16
VisualStudioVersion = 16.0.30517.126
MinimumVisualStudioVersion = 10.0.40219.1
Project("{FAE04EC0-301F-11D3-BF4B-00C04F79EFBC}") = "Server", "Server\Server.csproj", "{DC71713D-E95B-411B-9492-7A763777FB8E}"
EndProject
Project("{FAE04EC0-301F-11D3-BF4B-00C04F79EFBC}") = "Client", "Client\Client.csproj", "{B6D9AA0A-2F75-4C7A-9B88-F0695BAE1C3C}"
EndProject
Global
	GlobalSection(SolutionConfigurationPlatforms) = preSolution
		Debug|Any CPU = Debug|Any CPU
		Release|Any CPU = Release|Any CPU
	EndGlobalSection
	GlobalSection(ProjectConfigurationPlatforms) = postSolution
		{DC71713D-E95B-411B-9492-7A763777FB8E}.Debug|Any CPU.ActiveCfg = Debug|Any CPU
		{DC71713D-E95B-411B-9492-7A763777FB8E}.Debug|Any CPU.Build.0 = Debug|Any CPU
		{DC71713D-E95B-411B-9492-7A763777FB8E}.Release|Any CPU.ActiveCfg = Release|Any CPU
		{DC71713D-E95B-411B-9492-7A763777FB8E}.Release|Any CPU.Build.0 = Release|Any CPU
		{B6D9AA0A-2F75-4C7A-9B88-F0695BAE1C3C}.Debug|Any CPU.ActiveCfg = Debug|Any CPU
		{B6D9AA0A-2F75-4C7A-9B88-F0695BAE1C3C}.Debug|Any CPU.Build.0 = Debug|Any CPU
		{B6D9AA0A-2F75-4C7A-9B88-F0695BAE1C3C}.Release|Any CPU.ActiveCfg = Release|Any CPU
		{B6D9AA0A-2F75-4C7A-9B88-F0695BAE1C3C}.Release|Any CPU.Build.0 = Release|Any CPU
	EndGlobalSection
	GlobalSection(SolutionProperties) = preSolution
		HideSolutionNode = FALSE
	EndGlobalSection
	GlobalSection(ExtensibilityGlobals) = postSolution
		SolutionGuid = {835D51A6-0A3D-4C4F-A3D7-03A8ED1B4EC9}
	EndGlobalSection
EndGlobal
